
Microsoft Visual Studio Solution File, Format Version 12.00
# Visual Studio 15
VisualStudioVersion = 15.0.28307.1267
MinimumVisualStudioVersion = 10.0.40219.1
Project("{FAE04EC0-301F-11D3-BF4B-00C04F79EFBC}") = "ServiceReservasi", "ServiceReservasi\ServiceReservasi.csproj", "{0348ACF6-C540-483E-BAE3-D1ACAEC21E82}"
EndProject
Global
	GlobalSection(SolutionConfigurationPlatforms) = preSolution
		Debug|Any CPU = Debug|Any CPU
		Release|Any CPU = Release|Any CPU
	EndGlobalSection
	GlobalSection(ProjectConfigurationPlatforms) = postSolution
		{0348ACF6-C540-483E-BAE3-D1ACAEC21E82}.Debug|Any CPU.ActiveCfg = Debug|Any CPU
		{0348ACF6-C540-483E-BAE3-D1ACAEC21E82}.Debug|Any CPU.Build.0 = Debug|Any CPU
		{0348ACF6-C540-483E-BAE3-D1ACAEC21E82}.Release|Any CPU.ActiveCfg = Release|Any CPU
		{0348ACF6-C540-483E-BAE3-D1ACAEC21E82}.Release|Any CPU.Build.0 = Release|Any CPU
	EndGlobalSection
	GlobalSection(SolutionProperties) = preSolution
		HideSolutionNode = FALSE
	EndGlobalSection
	GlobalSection(ExtensibilityGlobals) = postSolution
		SolutionGuid = {F00952EF-143E-4DCE-A549-7BB70E0F3A89}
	EndGlobalSection
EndGlobal
